
Microsoft Visual Studio Solution File, Format Version 12.00
# Visual Studio Version 17
VisualStudioVersion = 17.8.34525.116
MinimumVisualStudioVersion = 10.0.40219.1
Project("{FAE04EC0-301F-11D3-BF4B-00C04F79EFBC}") = "ClimbNewHeights", "ClimbNewHeights\ClimbNewHeights.csproj", "{65EF03EA-F21C-41B0-9259-1B3F858BCDDD}"
EndProject
Global
	GlobalSection(SolutionConfigurationPlatforms) = preSolution
		Debug|Any CPU = Debug|Any CPU
		Release|Any CPU = Release|Any CPU
	EndGlobalSection
	GlobalSection(ProjectConfigurationPlatforms) = postSolution
		{65EF03EA-F21C-41B0-9259-1B3F858BCDDD}.Debug|Any CPU.ActiveCfg = Debug|Any CPU
		{65EF03EA-F21C-41B0-9259-1B3F858BCDDD}.Debug|Any CPU.Build.0 = Debug|Any CPU
		{65EF03EA-F21C-41B0-9259-1B3F858BCDDD}.Release|Any CPU.ActiveCfg = Release|Any CPU
		{65EF03EA-F21C-41B0-9259-1B3F858BCDDD}.Release|Any CPU.Build.0 = Release|Any CPU
	EndGlobalSection
	GlobalSection(SolutionProperties) = preSolution
		HideSolutionNode = FALSE
	EndGlobalSection
	GlobalSection(ExtensibilityGlobals) = postSolution
		SolutionGuid = {F27C2220-26F3-432C-9357-7B1BD813F0A9}
	EndGlobalSection
EndGlobal
